
Microsoft Visual Studio Solution File, Format Version 12.00
# Visual Studio Version 17
VisualStudioVersion = 17.4.33213.308
MinimumVisualStudioVersion = 10.0.40219.1
Project("{9A19103F-16F7-4668-BE54-9A1E7A4F7556}") = "SeleniumWebDriver", "SeleniumWebDriver.csproj", "{3F82202B-2289-4475-AB3C-1E2F9F32181C}"
EndProject
Project("{9A19103F-16F7-4668-BE54-9A1E7A4F7556}") = "SeleniumWebDriverTests", "..\SeleniumWebDriverTests\SeleniumWebDriverTests.csproj", "{DD771488-5F18-4224-99D4-D61E8600ED5F}"
EndProject
Project("{9A19103F-16F7-4668-BE54-9A1E7A4F7556}") = "SeleniumWebDriverCalculatorTests", "..\SeleniumWebDriverCalculatorTests\SeleniumWebDriverCalculatorTests.csproj", "{7046525C-0266-4F7F-BB60-E09F7B6C9978}"
EndProject
Project("{FAE04EC0-301F-11D3-BF4B-00C04F79EFBC}") = "WebDriverWaitTests", "..\WebDriverWaitTests\WebDriverWaitTests.csproj", "{C8B9F8CD-3104-417E-9972-405B9B7BDB27}"
EndProject
Global
	GlobalSection(SolutionConfigurationPlatforms) = preSolution
		Debug|Any CPU = Debug|Any CPU
		Release|Any CPU = Release|Any CPU
	EndGlobalSection
	GlobalSection(ProjectConfigurationPlatforms) = postSolution
		{3F82202B-2289-4475-AB3C-1E2F9F32181C}.Debug|Any CPU.ActiveCfg = Debug|Any CPU
		{3F82202B-2289-4475-AB3C-1E2F9F32181C}.Debug|Any CPU.Build.0 = Debug|Any CPU
		{3F82202B-2289-4475-AB3C-1E2F9F32181C}.Release|Any CPU.ActiveCfg = Release|Any CPU
		{3F82202B-2289-4475-AB3C-1E2F9F32181C}.Release|Any CPU.Build.0 = Release|Any CPU
		{DD771488-5F18-4224-99D4-D61E8600ED5F}.Debug|Any CPU.ActiveCfg = Debug|Any CPU
		{DD771488-5F18-4224-99D4-D61E8600ED5F}.Debug|Any CPU.Build.0 = Debug|Any CPU
		{DD771488-5F18-4224-99D4-D61E8600ED5F}.Release|Any CPU.ActiveCfg = Release|Any CPU
		{DD771488-5F18-4224-99D4-D61E8600ED5F}.Release|Any CPU.Build.0 = Release|Any CPU
		{7046525C-0266-4F7F-BB60-E09F7B6C9978}.Debug|Any CPU.ActiveCfg = Debug|Any CPU
		{7046525C-0266-4F7F-BB60-E09F7B6C9978}.Debug|Any CPU.Build.0 = Debug|Any CPU
		{7046525C-0266-4F7F-BB60-E09F7B6C9978}.Release|Any CPU.ActiveCfg = Release|Any CPU
		{7046525C-0266-4F7F-BB60-E09F7B6C9978}.Release|Any CPU.Build.0 = Release|Any CPU
		{C8B9F8CD-3104-417E-9972-405B9B7BDB27}.Debug|Any CPU.ActiveCfg = Debug|Any CPU
		{C8B9F8CD-3104-417E-9972-405B9B7BDB27}.Debug|Any CPU.Build.0 = Debug|Any CPU
		{C8B9F8CD-3104-417E-9972-405B9B7BDB27}.Release|Any CPU.ActiveCfg = Release|Any CPU
		{C8B9F8CD-3104-417E-9972-405B9B7BDB27}.Release|Any CPU.Build.0 = Release|Any CPU
	EndGlobalSection
	GlobalSection(SolutionProperties) = preSolution
		HideSolutionNode = FALSE
	EndGlobalSection
	GlobalSection(ExtensibilityGlobals) = postSolution
		SolutionGuid = {740711CF-2A57-4610-94F7-B22333ED3C21}
	EndGlobalSection
EndGlobal
